
Microsoft Visual Studio Solution File, Format Version 12.00
# Visual Studio 15
VisualStudioVersion = 15.0.28307.852
MinimumVisualStudioVersion = 10.0.40219.1
Project("{9A19103F-16F7-4668-BE54-9A1E7A4F7556}") = "FoodOrder1", "FoodOrder1\FoodOrder1.csproj", "{A910E166-DBD9-4659-9DB8-213171BC42B5}"
EndProject
Global
	GlobalSection(SolutionConfigurationPlatforms) = preSolution
		Debug|Any CPU = Debug|Any CPU
		Release|Any CPU = Release|Any CPU
	EndGlobalSection
	GlobalSection(ProjectConfigurationPlatforms) = postSolution
		{A910E166-DBD9-4659-9DB8-213171BC42B5}.Debug|Any CPU.ActiveCfg = Debug|Any CPU
		{A910E166-DBD9-4659-9DB8-213171BC42B5}.Debug|Any CPU.Build.0 = Debug|Any CPU
		{A910E166-DBD9-4659-9DB8-213171BC42B5}.Release|Any CPU.ActiveCfg = Release|Any CPU
		{A910E166-DBD9-4659-9DB8-213171BC42B5}.Release|Any CPU.Build.0 = Release|Any CPU
	EndGlobalSection
	GlobalSection(SolutionProperties) = preSolution
		HideSolutionNode = FALSE
	EndGlobalSection
	GlobalSection(ExtensibilityGlobals) = postSolution
		SolutionGuid = {8F70858A-B821-4465-8F27-9F3CD1ED8E1A}
	EndGlobalSection
EndGlobal
